Microsoft Visual Studio Solution File, Format Version 12.00
# Visual Studio Version 17
VisualStudioVersion = 17.5.2.0
MinimumVisualStudioVersion = 10.0.40219.1
Project("{2150E333-8FDC-42A3-9474-1A3956D46DE8}") = "C# Activities", "C# Activities", "{5D231809-3547-DF44-6098-AB0D0040284A}"
EndProject
Project("{FAE04EC0-301F-11D3-BF4B-00C04F79EFBC}") = "MiProyect", "C# Activities\Insertion\MiProyect.csproj", "{8DBA8516-665B-B989-BE6F-00697430254E}"
EndProject
Project("{FAE04EC0-301F-11D3-BF4B-00C04F79EFBC}") = "Selection", "C# Activities\Selection\Selection.csproj", "{F5EF6F84-7346-CBD8-CC62-4F55F10995B5}"
EndProject
Project("{FAE04EC0-301F-11D3-BF4B-00C04F79EFBC}") = "TestApp", "C# Activities\TestApp\TestApp.csproj", "{7A0037D1-E33E-F00D-E865-91B7A5A09AB6}"
EndProject
Global
	GlobalSection(SolutionConfigurationPlatforms) = preSolution
		Debug|Any CPU = Debug|Any CPU
		Release|Any CPU = Release|Any CPU
	EndGlobalSection
	GlobalSection(ProjectConfigurationPlatforms) = postSolution
		{8DBA8516-665B-B989-BE6F-00697430254E}.Debug|Any CPU.ActiveCfg = Debug|Any CPU
		{8DBA8516-665B-B989-BE6F-00697430254E}.Debug|Any CPU.Build.0 = Debug|Any CPU
		{8DBA8516-665B-B989-BE6F-00697430254E}.Release|Any CPU.ActiveCfg = Release|Any CPU
		{8DBA8516-665B-B989-BE6F-00697430254E}.Release|Any CPU.Build.0 = Release|Any CPU
		{F5EF6F84-7346-CBD8-CC62-4F55F10995B5}.Debug|Any CPU.ActiveCfg = Debug|Any CPU
		{F5EF6F84-7346-CBD8-CC62-4F55F10995B5}.Debug|Any CPU.Build.0 = Debug|Any CPU
		{F5EF6F84-7346-CBD8-CC62-4F55F10995B5}.Release|Any CPU.ActiveCfg = Release|Any CPU
		{F5EF6F84-7346-CBD8-CC62-4F55F10995B5}.Release|Any CPU.Build.0 = Release|Any CPU
		{7A0037D1-E33E-F00D-E865-91B7A5A09AB6}.Debug|Any CPU.ActiveCfg = Debug|Any CPU
		{7A0037D1-E33E-F00D-E865-91B7A5A09AB6}.Debug|Any CPU.Build.0 = Debug|Any CPU
		{7A0037D1-E33E-F00D-E865-91B7A5A09AB6}.Release|Any CPU.ActiveCfg = Release|Any CPU
		{7A0037D1-E33E-F00D-E865-91B7A5A09AB6}.Release|Any CPU.Build.0 = Release|Any CPU
	EndGlobalSection
	GlobalSection(SolutionProperties) = preSolution
		HideSolutionNode = FALSE
	EndGlobalSection
	GlobalSection(NestedProjects) = preSolution
		{8DBA8516-665B-B989-BE6F-00697430254E} = {5D231809-3547-DF44-6098-AB0D0040284A}
		{F5EF6F84-7346-CBD8-CC62-4F55F10995B5} = {5D231809-3547-DF44-6098-AB0D0040284A}
		{7A0037D1-E33E-F00D-E865-91B7A5A09AB6} = {5D231809-3547-DF44-6098-AB0D0040284A}
	EndGlobalSection
	GlobalSection(ExtensibilityGlobals) = postSolution
		SolutionGuid = {B7846462-4846-4052-B4AA-55AFA5C0DE2A}
	EndGlobalSection
EndGlobal
